
Microsoft Visual Studio Solution File, Format Version 12.00
# Visual Studio 15
Project("{FAE04EC0-301F-11D3-BF4B-00C04F79EFBC}") = "Assembly-CSharp", "Assembly-CSharp.csproj", "{D4F86FD9-59DE-4E06-78C5-8C010BC33381}"
EndProject
Project("{FAE04EC0-301F-11D3-BF4B-00C04F79EFBC}") = "Assembly-CSharp-Editor", "Assembly-CSharp-Editor.csproj", "{DE04C1BA-4E3F-1027-768D-4302DD607356}"
EndProject
Global
	GlobalSection(SolutionConfigurationPlatforms) = preSolution
		Debug|Any CPU = Debug|Any CPU
		Release|Any CPU = Release|Any CPU
	EndGlobalSection
	GlobalSection(ProjectConfigurationPlatforms) = postSolution
		{D4F86FD9-59DE-4E06-78C5-8C010BC33381}.Debug|Any CPU.ActiveCfg = Debug|Any CPU
		{D4F86FD9-59DE-4E06-78C5-8C010BC33381}.Debug|Any CPU.Build.0 = Debug|Any CPU
		{D4F86FD9-59DE-4E06-78C5-8C010BC33381}.Release|Any CPU.ActiveCfg = Release|Any CPU
		{D4F86FD9-59DE-4E06-78C5-8C010BC33381}.Release|Any CPU.Build.0 = Release|Any CPU
		{DE04C1BA-4E3F-1027-768D-4302DD607356}.Debug|Any CPU.ActiveCfg = Debug|Any CPU
		{DE04C1BA-4E3F-1027-768D-4302DD607356}.Debug|Any CPU.Build.0 = Debug|Any CPU
		{DE04C1BA-4E3F-1027-768D-4302DD607356}.Release|Any CPU.ActiveCfg = Release|Any CPU
		{DE04C1BA-4E3F-1027-768D-4302DD607356}.Release|Any CPU.Build.0 = Release|Any CPU
	EndGlobalSection
	GlobalSection(SolutionProperties) = preSolution
		HideSolutionNode = FALSE
	EndGlobalSection
EndGlobal
